// !$*UTF8*$!
{
	archiveVersion = 1;
	classes = {
	};
	objectVersion = 46;
	objects = {

/* Begin PBXBuildFile section */
		496731721BBD7DA700DD11D8 /* ToggleButton.swift in Sources */ = {isa = PBXBuildFile; fileRef = 496731711BBD7DA700DD11D8 /* ToggleButton.swift */; settings = {ASSET_TAGS = (); }; };
		496E81151BBC1A2A00A6C38F /* AppDelegate.swift in Sources */ = {isa = PBXBuildFile; fileRef = 496E81141BBC1A2A00A6C38F /* AppDelegate.swift */; };
		496E81171BBC1A2A00A6C38F /* ViewController.swift in Sources */ = {isa = PBXBuildFile; fileRef = 496E81161BBC1A2A00A6C38F /* ViewController.swift */; };
		496E811A1BBC1A2A00A6C38F /* Main.storyboard in Resources */ = {isa = PBXBuildFile; fileRef = 496E81181BBC1A2A00A6C38F /* Main.storyboard */; };
		496E811C1BBC1A2A00A6C38F /* Assets.xcassets in Resources */ = {isa = PBXBuildFile; fileRef = 496E811B1BBC1A2A00A6C38F /* Assets.xcassets */; };
		496E811F1BBC1A2A00A6C38F /* LaunchScreen.storyboard in Resources */ = {isa = PBXBuildFile; fileRef = 496E811D1BBC1A2A00A6C38F /* LaunchScreen.storyboard */; };
		496E81271BBC1A4200A6C38F /* DrawView.swift in Sources */ = {isa = PBXBuildFile; fileRef = 496E81261BBC1A4200A6C38F /* DrawView.swift */; settings = {ASSET_TAGS = (); }; };
		49C77BCA1BBF0657007B377D /* TouchSlider.swift in Sources */ = {isa = PBXBuildFile; fileRef = 49C77BC91BBF0657007B377D /* TouchSlider.swift */; settings = {ASSET_TAGS = (); }; };
/* End PBXBuildFile section */

/* Begin PBXFileReference section */
		496731711BBD7DA700DD11D8 /* ToggleButton.swift */ = {isa = PBXFileReference; fileEncoding = 4; lastKnownFileType = sourcecode.swift; path = ToggleButton.swift; sourceTree = "<group>"; };
		496E81111BBC1A2A00A6C38F /* TouchDraw.app */ = {isa = PBXFileReference; explicitFileType = wrapper.application; includeInIndex = 0; path = TouchDraw.app; sourceTree = BUILT_PRODUCTS_DIR; };
		496E81141BBC1A2A00A6C38F /* AppDelegate.swift */ = {isa = PBXFileReference; lastKnownFileType = sourcecode.swift; path = AppDelegate.swift; sourceTree = "<group>"; };
		496E81161BBC1A2A00A6C38F /* ViewController.swift */ = {isa = PBXFileReference; lastKnownFileType = sourcecode.swift; path = ViewController.swift; sourceTree = "<group>"; };
		496E81191BBC1A2A00A6C38F /* Base */ = {isa = PBXFileReference; lastKnownFileType = file.storyboard; name = Base; path = Base.lproj/Main.storyboard; sourceTree = "<group>"; };
		496E811B1BBC1A2A00A6C38F /* Assets.xcassets */ = {isa = PBXFileReference; lastKnownFileType = folder.assetcatalog; path = Assets.xcassets; sourceTree = "<group>"; };
		496E811E1BBC1A2A00A6C38F /* Base */ = {isa = PBXFileReference; lastKnownFileType = file.storyboard; name = Base; path = Base.lproj/LaunchScreen.storyboard; sourceTree = "<group>"; };
		496E81201BBC1A2A00A6C38F /* Info.plist */ = {isa = PBXFileReference; lastKnownFileType = text.plist.xml; path = Info.plist; sourceTree = "<group>"; };
		496E81261BBC1A4200A6C38F /* DrawView.swift */ = {isa = PBXFileReference; fileEncoding = 4; lastKnownFileType = sourcecode.swift; path = DrawView.swift; sourceTree = "<group>"; };
		49C77BC91BBF0657007B377D /* TouchSlider.swift */ = {isa = PBXFileReference; fileEncoding = 4; lastKnownFileType = sourcecode.swift; path = TouchSlider.swift; sourceTree = "<group>"; };
/* End PBXFileReference section */

/* Begin PBXFrameworksBuildPhase section */
		496E810E1BBC1A2A00A6C38F /* Frameworks */ = {
			isa = PBXFrameworksBuildPhase;
			buildActionMask = 2147483647;
			files = (
			);
			runOnlyForDeploymentPostprocessing = 0;
		};
/* End PBXFrameworksBuildPhase section */

/* Begin PBXGroup section */
		496E81081BBC1A2A00A6C38F = {
			isa = PBXGroup;
			children = (
				496E81131BBC1A2A00A6C38F /* TouchDraw */,
				496E81121BBC1A2A00A6C38F /* Products */,
			);
			sourceTree = "<group>";
		};
		496E81121BBC1A2A00A6C38F /* Products */ = {
			isa = PBXGroup;
			children = (
				496E81111BBC1A2A00A6C38F /* TouchDraw.app */,
			);
			name = Products;
			sourceTree = "<group>";
		};
		496E81131BBC1A2A00A6C38F /* TouchDraw */ = {
			isa = PBXGroup;
			children = (
				496E81141BBC1A2A00A6C38F /* AppDelegate.swift */,
				496E81261BBC1A4200A6C38F /* DrawView.swift */,
				496E81161BBC1A2A00A6C38F /* ViewController.swift */,
				496E81181BBC1A2A00A6C38F /* Main.storyboard */,
				496E811B1BBC1A2A00A6C38F /* Assets.xcassets */,
				496E811D1BBC1A2A00A6C38F /* LaunchScreen.storyboard */,
				496E81201BBC1A2A00A6C38F /* Info.plist */,
				496731711BBD7DA700DD11D8 /* ToggleButton.swift */,
				49C77BC91BBF0657007B377D /* TouchSlider.swift */,
			);
			path = TouchDraw;
			sourceTree = "<group>";
		};
/* End PBXGroup section */

/* Begin PBXNativeTarget section */
		496E81101BBC1A2A00A6C38F /* TouchDraw */ = {
			isa = PBXNativeTarget;
			buildConfigurationList = 496E81231BBC1A2B00A6C38F /* Build configuration list for PBXNativeTarget "TouchDraw" */;
			buildPhases = (
				496E810D1BBC1A2A00A6C38F /* Sources */,
				496E810E1BBC1A2A00A6C38F /* Frameworks */,
				496E810F1BBC1A2A00A6C38F /* Resources */,
			);
			buildRules = (
			);
			dependencies = (
			);
			name = TouchDraw;
			productName = TouchDraw;
			productReference = 496E81111BBC1A2A00A6C38F /* TouchDraw.app */;
			productType = "com.apple.product-type.application";
		};
/* End PBXNativeTarget section */

/* Begin PBXProject section */
		496E81091BBC1A2A00A6C38F /* Project object */ = {
			isa = PBXProject;
			attributes = {
				LastUpgradeCheck = 0700;
				ORGANIZATIONNAME = "Alex Oh";
				TargetAttributes = {
					496E81101BBC1A2A00A6C38F = {
						CreatedOnToolsVersion = 7.0;
					};
				};
			};
			buildConfigurationList = 496E810C1BBC1A2A00A6C38F /* Build configuration list for PBXProject "TouchDraw" */;
			compatibilityVersion = "Xcode 3.2";
			developmentRegion = English;
			hasScannedForEncodings = 0;
			knownRegions = (
				en,
				Base,
			);
			mainGroup = 496E81081BBC1A2A00A6C38F;
			productRefGroup = 496E81121BBC1A2A00A6C38F /* Products */;
			projectDirPath = "";
			projectRoot = "";
			targets = (
				496E81101BBC1A2A00A6C38F /* TouchDraw */,
			);
		};
/* End PBXProject section */

/* Begin PBXResourcesBuildPhase section */
		496E810F1BBC1A2A00A6C38F /* Resources */ = {
			isa = PBXResourcesBuildPhase;
			buildActionMask = 2147483647;
			files = (
				496E811F1BBC1A2A00A6C38F /* LaunchScreen.storyboard in Resources */,
				496E811C1BBC1A2A00A6C38F /* Assets.xcassets in Resources */,
				496E811A1BBC1A2A00A6C38F /* Main.storyboard in Resources */,
			);
			runOnlyForDeploymentPostprocessing = 0;
		};
/* End PBXResourcesBuildPhase section */

/* Begin PBXSourcesBuildPhase section */
		496E810D1BBC1A2A00A6C38F /* Sources */ = {
			isa = PBXSourcesBuildPhase;
			buildActionMask = 2147483647;
			files = (
				496E81171BBC1A2A00A6C38F /* ViewController.swift in Sources */,
				49C77BCA1BBF0657007B377D /* TouchSlider.swift in Sources */,
				496E81151BBC1A2A00A6C38F /* AppDelegate.swift in Sources */,
				496E81271BBC1A4200A6C38F /* DrawView.swift in Sources */,
				496731721BBD7DA700DD11D8 /* ToggleButton.swift in Sources */,
			);
			runOnlyForDeploymentPostprocessing = 0;
		};
/* End PBXSourcesBuildPhase section */

/* Begin PBXVariantGroup section */
		496E81181BBC1A2A00A6C38F /* Main.storyboard */ = {
			isa = PBXVariantGroup;
			children = (
				496E81191BBC1A2A00A6C38F /* Base */,
			);
			name = Main.storyboard;
			sourceTree = "<group>";
		};
		496E811D1BBC1A2A00A6C38F /* LaunchScreen.storyboard */ = {
			isa = PBXVariantGroup;
			children = (
				496E811E1BBC1A2A00A6C38F /* Base */,
			);
			name = LaunchScreen.storyboard;
			sourceTree = "<group>";
		};
/* End PBXVariantGroup section */

/* Begin XCBuildConfiguration section */
		496E81211BBC1A2B00A6C38F /* Debug */ = {
			isa = XCBuildConfiguration;
			buildSettings = {
				ALWAYS_SEARCH_USER_PATHS = NO;
				CLANG_CXX_LANGUAGE_STANDARD = "gnu++0x";
				CLANG_CXX_LIBRARY = "libc++";
				CLANG_ENABLE_MODULES = YES;
				CLANG_ENABLE_OBJC_ARC = YES;
				CLANG_WARN_BOOL_CONVERSION = YES;
				CLANG_WARN_CONSTANT_CONVERSION = YES;
				CLANG_WARN_DIRECT_OBJC_ISA_USAGE = YES_ERROR;
				CLANG_WARN_EMPTY_BODY = YES;
				CLANG_WARN_ENUM_CONVERSION = YES;
				CLANG_WARN_INT_CONVERSION = YES;
				CLANG_WARN_OBJC_ROOT_CLASS = YES_ERROR;
				CLANG_WARN_UNREACHABLE_CODE = YES;
				CLANG_WARN__DUPLICATE_METHOD_MATCH = YES;
				"CODE_SIGN_IDENTITY[sdk=iphoneos*]" = "iPhone Developer";
				COPY_PHASE_STRIP = NO;
				DEBUG_INFORMATION_FORMAT = dwarf;
				ENABLE_STRICT_OBJC_MSGSEND = YES;
				ENABLE_TESTABILITY = YES;
				GCC_C_LANGUAGE_STANDARD = gnu99;
				GCC_DYNAMIC_NO_PIC = NO;
				GCC_NO_COMMON_BLOCKS = YES;
				GCC_OPTIMIZATION_LEVEL = 0;
				GCC_PREPROCESSOR_DEFINITIONS = (
					"DEBUG=1",
					"$(inherited)",
				);
				GCC_WARN_64_TO_32_BIT_CONVERSION = YES;
				GCC_WARN_ABOUT_RETURN_TYPE = YES_ERROR;
				GCC_WARN_UNDECLARED_SELECTOR = YES;
				GCC_WARN_UNINITIALIZED_AUTOS = YES_AGGRESSIVE;
				GCC_WARN_UNUSED_FUNCTION = YES;
				GCC_WARN_UNUSED_VARIABLE = YES;
				IPHONEOS_DEPLOYMENT_TARGET = 9.0;
				MTL_ENABLE_DEBUG_INFO = YES;
				ONLY_ACTIVE_ARCH = YES;
				SDKROOT = iphoneos;
				SWIFT_OPTIMIZATION_LEVEL = "-Onone";
			};
			name = Debug;
		};
		496E81221BBC1A2B00A6C38F /* Release */ = {
			isa = XCBuildConfiguration;
			buildSettings = {
				ALWAYS_SEARCH_USER_PATHS = NO;
				CLANG_CXX_LANGUAGE_STANDARD = "gnu++0x";
				CLANG_CXX_LIBRARY = "libc++";
				CLANG_ENABLE_MODULES = YES;
				CLANG_ENABLE_OBJC_ARC = YES;
				CLANG_WARN_BOOL_CONVERSION = YES;
				CLANG_WARN_CONSTANT_CONVERSION = YES;
				CLANG_WARN_DIRECT_OBJC_ISA_USAGE = YES_ERROR;
				CLANG_WARN_EMPTY_BODY = YES;
				CLANG_WARN_ENUM_CONVERSION = YES;
				CLANG_WARN_INT_CONVERSION = YES;
				CLANG_WARN_OBJC_ROOT_CLASS = YES_ERROR;
				CLANG_WARN_UNREACHABLE_CODE = YES;
				CLANG_WARN__DUPLICATE_METHOD_MATCH = YES;
				"CODE_SIGN_IDENTITY[sdk=iphoneos*]" = "iPhone Developer";
				COPY_PHASE_STRIP = NO;
				DEBUG_INFORMATION_FORMAT = "dwarf-with-dsym";
				ENABLE_NS_ASSERTIONS = NO;
				ENABLE_STRICT_OBJC_MSGSEND = YES;
				GCC_C_LANGUAGE_STANDARD = gnu99;
				GCC_NO_COMMON_BLOCKS = YES;
				GCC_WARN_64_TO_32_BIT_CONVERSION = YES;
				GCC_WARN_ABOUT_RETURN_TYPE = YES_ERROR;
				GCC_WARN_UNDECLARED_SELECTOR = YES;
				GCC_WARN_UNINITIALIZED_AUTOS = YES_AGGRESSIVE;
				GCC_WARN_UNUSED_FUNCTION = YES;
				GCC_WARN_UNUSED_VARIABLE = YES;
				IPHONEOS_DEPLOYMENT_TARGET = 9.0;
				MTL_ENABLE_DEBUG_INFO = NO;
				SDKROOT = iphoneos;
				VALIDATE_PRODUCT = YES;
			};
			name = Release;
		};
		496E81241BBC1A2B00A6C38F /* Debug */ = {
			isa = XCBuildConfiguration;
			buildSettings = {
				ASSETCATALOG_COMPILER_APPICON_NAME = AppIcon;
				INFOPLIST_FILE = TouchDraw/Info.plist;
				LD_RUNPATH_SEARCH_PATHS = "$(inherited) @executable_path/Frameworks";
				PRODUCT_BUNDLE_IDENTIFIER = com.ao.TouchDraw;
				PRODUCT_NAME = "$(TARGET_NAME)";
			};
			name = Debug;
		};
		496E81251BBC1A2B00A6C38F /* Release */ = {
			isa = XCBuildConfiguration;
			buildSettings = {
				ASSETCATALOG_COMPILER_APPICON_NAME = AppIcon;
				INFOPLIST_FILE = TouchDraw/Info.plist;
				LD_RUNPATH_SEARCH_PATHS = "$(inherited) @executable_path/Frameworks";
				PRODUCT_BUNDLE_IDENTIFIER = com.ao.TouchDraw;
				PRODUCT_NAME = "$(TARGET_NAME)";
			};
			name = Release;
		};
/* End XCBuildConfiguration section */

/* Begin XCConfigurationList section */
		496E810C1BBC1A2A00A6C38F /* Build configuration list for PBXProject "TouchDraw" */ = {
			isa = XCConfigurationList;
			buildConfigurations = (
				496E81211BBC1A2B00A6C38F /* Debug */,
				496E81221BBC1A2B00A6C38F /* Release */,
			);
			defaultConfigurationIsVisible = 0;
			defaultConfigurationName = Release;
		};
		496E81231BBC1A2B00A6C38F /* Build configuration list for PBXNativeTarget "TouchDraw" */ = {
			isa = XCConfigurationList;
			buildConfigurations = (
				496E81241BBC1A2B00A6C38F /* Debug */,
				496E81251BBC1A2B00A6C38F /* Release */,
			);
			defaultConfigurationIsVisible = 0;
			defaultConfigurationName = Release;
		};
/* End XCConfigurationList section */
	};
	rootObject = 496E81091BBC1A2A00A6C38F /* Project object */;
}
